
Microsoft Visual Studio Solution File, Format Version 12.00
# Visual Studio 14
VisualStudioVersion = 14.0.23107.0
MinimumVisualStudioVersion = 10.0.40219.1
Project("{FAE04EC0-301F-11D3-BF4B-00C04F79EFBC}") = "CowAwareness", "CowAwareness\CowAwareness.csproj", "{37561618-3DF9-4F70-98B4-8A5FF9648675}"
EndProject
Project("{2150E333-8FDC-42A3-9474-1A3956D46DE8}") = "Solution Items", "Solution Items", "{6AD72484-AE63-4E95-95C8-F6E32CC7FDE3}"
	ProjectSection(SolutionItems) = preProject
		.gitignore = .gitignore
	EndProjectSection
EndProject
Project("{FAE04EC0-301F-11D3-BF4B-00C04F79EFBC}") = "CowardVayne", "CowardVayne\CowardVayne.csproj", "{40B923F6-BCF5-4CB3-ACD3-221F116BEA4E}"
EndProject
Global
	GlobalSection(SolutionConfigurationPlatforms) = preSolution
		Debug|Any CPU = Debug|Any CPU
		Release|Any CPU = Release|Any CPU
	EndGlobalSection
	GlobalSection(ProjectConfigurationPlatforms) = postSolution
		{37561618-3DF9-4F70-98B4-8A5FF9648675}.Debug|Any CPU.ActiveCfg = Debug|Any CPU
		{37561618-3DF9-4F70-98B4-8A5FF9648675}.Debug|Any CPU.Build.0 = Debug|Any CPU
		{37561618-3DF9-4F70-98B4-8A5FF9648675}.Release|Any CPU.ActiveCfg = Release|Any CPU
		{37561618-3DF9-4F70-98B4-8A5FF9648675}.Release|Any CPU.Build.0 = Release|Any CPU
		{40B923F6-BCF5-4CB3-ACD3-221F116BEA4E}.Debug|Any CPU.ActiveCfg = Debug|Any CPU
		{40B923F6-BCF5-4CB3-ACD3-221F116BEA4E}.Debug|Any CPU.Build.0 = Debug|Any CPU
		{40B923F6-BCF5-4CB3-ACD3-221F116BEA4E}.Release|Any CPU.ActiveCfg = Release|Any CPU
		{40B923F6-BCF5-4CB3-ACD3-221F116BEA4E}.Release|Any CPU.Build.0 = Release|Any CPU
	EndGlobalSection
	GlobalSection(SolutionProperties) = preSolution
		HideSolutionNode = FALSE
	EndGlobalSection
EndGlobal
